{
    "name": "@xola/icons",
    "version": "1.0.7",
    "lockfileVersion": 2,
    "requires": true,
    "packages": {
        "": {
            "name": "@xola/icons",
            "version": "1.0.7",
            "dependencies": {
                "clsx": "^1.1.1",
                "lodash": "^4.17.21",
                "prettier": "^2.7.1",
                "prettier-plugin-tailwindcss": "^0.1.13",
                "prop-types": "^15.7.2"
            },
            "devDependencies": {
                "react": "^17.0.2",
                "react-dom": "^17.0.2"
            },
            "engines": {
                "node": ">=16"
            }
        },
        "node_modules/clsx": {
            "version": "1.2.1",
            "license": "MIT",
            "engines": {
                "node": ">=6"
            }
        },
        "node_modules/js-tokens": {
            "version": "4.0.0",
            "license": "MIT"
        },
        "node_modules/lodash": {
            "version": "4.17.21",
            "license": "MIT"
        },
        "node_modules/loose-envify": {
            "version": "1.4.0",
            "license": "MIT",
            "dependencies": {
                "js-tokens": "^3.0.0 || ^4.0.0"
            },
            "bin": {
                "loose-envify": "cli.js"
            }
        },
        "node_modules/object-assign": {
            "version": "4.1.1",
            "license": "MIT",
            "engines": {
                "node": ">=0.10.0"
            }
        },
        "node_modules/prettier": {
            "version": "2.8.8",
            "license": "MIT",
            "bin": {
                "prettier": "bin-prettier.js"
            },
            "engines": {
                "node": ">=10.13.0"
            },
            "funding": {
                "url": "https://github.com/prettier/prettier?sponsor=1"
            }
        },
        "node_modules/prettier-plugin-tailwindcss": {
            "version": "0.1.13",
            "engines": {
                "node": ">=12.17.0"
            },
            "peerDependencies": {
                "prettier": ">=2.2.0"
            }
        },
        "node_modules/prop-types": {
            "version": "15.8.1",
            "license": "MIT",
            "dependencies": {
                "loose-envify": "^1.4.0",
                "object-assign": "^4.1.1",
                "react-is": "^16.13.1"
            }
        },
        "node_modules/react": {
            "version": "17.0.2",
            "dev": true,
            "license": "MIT",
            "dependencies": {
                "loose-envify": "^1.1.0",
                "object-assign": "^4.1.1"
            },
            "engines": {
                "node": ">=0.10.0"
            }
        },
        "node_modules/react-dom": {
            "version": "17.0.2",
            "dev": true,
            "license": "MIT",
            "dependencies": {
                "loose-envify": "^1.1.0",
                "object-assign": "^4.1.1",
                "scheduler": "^0.20.2"
            },
            "peerDependencies": {
                "react": "17.0.2"
            }
        },
        "node_modules/react-is": {
            "version": "16.13.1",
            "license": "MIT"
        },
        "node_modules/scheduler": {
            "version": "0.20.2",
            "dev": true,
            "license": "MIT",
            "dependencies": {
                "loose-envify": "^1.1.0",
                "object-assign": "^4.1.1"
            }
        }
    },
    "dependencies": {
        "clsx": {
            "version": "1.2.1"
        },
        "js-tokens": {
            "version": "4.0.0"
        },
        "lodash": {
            "version": "4.17.21"
        },
        "loose-envify": {
            "version": "1.4.0",
            "requires": {
                "js-tokens": "^3.0.0 || ^4.0.0"
            }
        },
        "object-assign": {
            "version": "4.1.1"
        },
        "prettier": {
            "version": "2.8.8"
        },
        "prettier-plugin-tailwindcss": {
            "version": "0.1.13",
            "requires": {}
        },
        "prop-types": {
            "version": "15.8.1",
            "requires": {
                "loose-envify": "^1.4.0",
                "object-assign": "^4.1.1",
                "react-is": "^16.13.1"
            }
        },
        "react": {
            "version": "17.0.2",
            "dev": true,
            "requires": {
                "loose-envify": "^1.1.0",
                "object-assign": "^4.1.1"
            }
        },
        "react-dom": {
            "version": "17.0.2",
            "dev": true,
            "requires": {
                "loose-envify": "^1.1.0",
                "object-assign": "^4.1.1",
                "scheduler": "^0.20.2"
            }
        },
        "react-is": {
            "version": "16.13.1"
        },
        "scheduler": {
            "version": "0.20.2",
            "dev": true,
            "requires": {
                "loose-envify": "^1.1.0",
                "object-assign": "^4.1.1"
            }
        }
    }
}
